
Microsoft Visual Studio Solution File, Format Version 12.00
# Visual Studio 15
VisualStudioVersion = 15.0.28307.1209
MinimumVisualStudioVersion = 10.0.40219.1
Project("{FAE04EC0-301F-11D3-BF4B-00C04F79EFBC}") = "C20_Ex01_1", "C20_Ex01_1.csproj", "{2E92AAEA-AFAB-43E8-9B12-C0A12E5FB228}"
EndProject
Project("{2150E333-8FDC-42A3-9474-1A3956D46DE8}") = "Solution Items", "Solution Items", "{69C7F1DC-8BD1-47D5-B19D-2DC80BE6C833}"
EndProject
Project("{FAE04EC0-301F-11D3-BF4B-00C04F79EFBC}") = "C20_Ex01_5", "C20_Ex01_5\C20_Ex01_5.csproj", "{14FEE560-5E41-4727-8365-1CB1F50A01A8}"
EndProject
Project("{FAE04EC0-301F-11D3-BF4B-00C04F79EFBC}") = "C20_Ex01_4", "C20_Ex01_4\C20_Ex01_4.csproj", "{C1129DDC-72D1-449F-9265-CA48CBD5E9A7}"
EndProject
Global
	GlobalSection(SolutionConfigurationPlatforms) = preSolution
		Debug|Any CPU = Debug|Any CPU
		Release|Any CPU = Release|Any CPU
	EndGlobalSection
	GlobalSection(ProjectConfigurationPlatforms) = postSolution
		{2E92AAEA-AFAB-43E8-9B12-C0A12E5FB228}.Debug|Any CPU.ActiveCfg = Debug|Any CPU
		{2E92AAEA-AFAB-43E8-9B12-C0A12E5FB228}.Debug|Any CPU.Build.0 = Debug|Any CPU
		{2E92AAEA-AFAB-43E8-9B12-C0A12E5FB228}.Release|Any CPU.ActiveCfg = Release|Any CPU
		{2E92AAEA-AFAB-43E8-9B12-C0A12E5FB228}.Release|Any CPU.Build.0 = Release|Any CPU
		{14FEE560-5E41-4727-8365-1CB1F50A01A8}.Debug|Any CPU.ActiveCfg = Debug|Any CPU
		{14FEE560-5E41-4727-8365-1CB1F50A01A8}.Debug|Any CPU.Build.0 = Debug|Any CPU
		{14FEE560-5E41-4727-8365-1CB1F50A01A8}.Release|Any CPU.ActiveCfg = Release|Any CPU
		{14FEE560-5E41-4727-8365-1CB1F50A01A8}.Release|Any CPU.Build.0 = Release|Any CPU
		{C1129DDC-72D1-449F-9265-CA48CBD5E9A7}.Debug|Any CPU.ActiveCfg = Debug|Any CPU
		{C1129DDC-72D1-449F-9265-CA48CBD5E9A7}.Debug|Any CPU.Build.0 = Debug|Any CPU
		{C1129DDC-72D1-449F-9265-CA48CBD5E9A7}.Release|Any CPU.ActiveCfg = Release|Any CPU
		{C1129DDC-72D1-449F-9265-CA48CBD5E9A7}.Release|Any CPU.Build.0 = Release|Any CPU
	EndGlobalSection
	GlobalSection(SolutionProperties) = preSolution
		HideSolutionNode = FALSE
	EndGlobalSection
	GlobalSection(NestedProjects) = preSolution
		{2E92AAEA-AFAB-43E8-9B12-C0A12E5FB228} = {69C7F1DC-8BD1-47D5-B19D-2DC80BE6C833}
		{14FEE560-5E41-4727-8365-1CB1F50A01A8} = {69C7F1DC-8BD1-47D5-B19D-2DC80BE6C833}
	EndGlobalSection
	GlobalSection(ExtensibilityGlobals) = postSolution
		SolutionGuid = {9E99E12D-5B8F-4488-A3B4-E83D69DA0CC2}
	EndGlobalSection
EndGlobal
